
Microsoft Visual Studio Solution File, Format Version 12.00
# Visual Studio Version 16
VisualStudioVersion = 16.0.30114.105
MinimumVisualStudioVersion = 10.0.40219.1
Project("{9A19103F-16F7-4668-BE54-9A1E7A4F7556}") = "BL", "BL\BL.csproj", "{077A12C9-6FB3-4D26-9191-8789C72C27C4}"
EndProject
Project("{9A19103F-16F7-4668-BE54-9A1E7A4F7556}") = "WebUI", "WebUI\WebUI.csproj", "{B91ACDC2-0A19-42A0-AD56-28071C340456}"
EndProject
Project("{2150E333-8FDC-42A3-9474-1A3956D46DE8}") = "Solution Items", "Solution Items", "{55940C92-CF55-4477-BFCB-835202A26D9F}"
	ProjectSection(SolutionItems) = preProject
		.gitignore = .gitignore
	EndProjectSection
EndProject
Global
	GlobalSection(SolutionConfigurationPlatforms) = preSolution
		Debug|Any CPU = Debug|Any CPU
		Debug|x64 = Debug|x64
		Debug|x86 = Debug|x86
		Release|Any CPU = Release|Any CPU
		Release|x64 = Release|x64
		Release|x86 = Release|x86
	EndGlobalSection
	GlobalSection(ProjectConfigurationPlatforms) = postSolution
		{077A12C9-6FB3-4D26-9191-8789C72C27C4}.Debug|Any CPU.ActiveCfg = Debug|Any CPU
		{077A12C9-6FB3-4D26-9191-8789C72C27C4}.Debug|Any CPU.Build.0 = Debug|Any CPU
		{077A12C9-6FB3-4D26-9191-8789C72C27C4}.Debug|x64.ActiveCfg = Debug|Any CPU
		{077A12C9-6FB3-4D26-9191-8789C72C27C4}.Debug|x64.Build.0 = Debug|Any CPU
		{077A12C9-6FB3-4D26-9191-8789C72C27C4}.Debug|x86.ActiveCfg = Debug|Any CPU
		{077A12C9-6FB3-4D26-9191-8789C72C27C4}.Debug|x86.Build.0 = Debug|Any CPU
		{077A12C9-6FB3-4D26-9191-8789C72C27C4}.Release|Any CPU.ActiveCfg = Release|Any CPU
		{077A12C9-6FB3-4D26-9191-8789C72C27C4}.Release|Any CPU.Build.0 = Release|Any CPU
		{077A12C9-6FB3-4D26-9191-8789C72C27C4}.Release|x64.ActiveCfg = Release|Any CPU
		{077A12C9-6FB3-4D26-9191-8789C72C27C4}.Release|x64.Build.0 = Release|Any CPU
		{077A12C9-6FB3-4D26-9191-8789C72C27C4}.Release|x86.ActiveCfg = Release|Any CPU
		{077A12C9-6FB3-4D26-9191-8789C72C27C4}.Release|x86.Build.0 = Release|Any CPU
		{B91ACDC2-0A19-42A0-AD56-28071C340456}.Debug|Any CPU.ActiveCfg = Debug|Any CPU
		{B91ACDC2-0A19-42A0-AD56-28071C340456}.Debug|Any CPU.Build.0 = Debug|Any CPU
		{B91ACDC2-0A19-42A0-AD56-28071C340456}.Debug|x64.ActiveCfg = Debug|Any CPU
		{B91ACDC2-0A19-42A0-AD56-28071C340456}.Debug|x64.Build.0 = Debug|Any CPU
		{B91ACDC2-0A19-42A0-AD56-28071C340456}.Debug|x86.ActiveCfg = Debug|Any CPU
		{B91ACDC2-0A19-42A0-AD56-28071C340456}.Debug|x86.Build.0 = Debug|Any CPU
		{B91ACDC2-0A19-42A0-AD56-28071C340456}.Release|Any CPU.ActiveCfg = Release|Any CPU
		{B91ACDC2-0A19-42A0-AD56-28071C340456}.Release|Any CPU.Build.0 = Release|Any CPU
		{B91ACDC2-0A19-42A0-AD56-28071C340456}.Release|x64.ActiveCfg = Release|Any CPU
		{B91ACDC2-0A19-42A0-AD56-28071C340456}.Release|x64.Build.0 = Release|Any CPU
		{B91ACDC2-0A19-42A0-AD56-28071C340456}.Release|x86.ActiveCfg = Release|Any CPU
		{B91ACDC2-0A19-42A0-AD56-28071C340456}.Release|x86.Build.0 = Release|Any CPU
	EndGlobalSection
	GlobalSection(SolutionProperties) = preSolution
		HideSolutionNode = FALSE
	EndGlobalSection
	GlobalSection(ExtensibilityGlobals) = postSolution
		SolutionGuid = {104F71E8-7C39-466E-AB24-1D84C6F0114C}
	EndGlobalSection
EndGlobal
