
Microsoft Visual Studio Solution File, Format Version 12.00
# Visual Studio Version 16
VisualStudioVersion = 16.0.30114.105
MinimumVisualStudioVersion = 10.0.40219.1
Project("{9A19103F-16F7-4668-BE54-9A1E7A4F7556}") = "BL", "BL\BL.csproj", "{077A12C9-6FB3-4D26-9191-8789C72C27C4}"
EndProject
Project("{9A19103F-16F7-4668-BE54-9A1E7A4F7556}") = "DL", "DL\DL.csproj", "{9B18C2C5-ADF2-4646-A56D-518DCEE7DA70}"
EndProject
Project("{FAE04EC0-301F-11D3-BF4B-00C04F79EFBC}") = "WebUI", "WebUI\WebUI.csproj", "{B91ACDC2-0A19-42A0-AD56-28071C340456}"
EndProject
Global
	GlobalSection(SolutionConfigurationPlatforms) = preSolution
		Debug|Any CPU = Debug|Any CPU
		Debug|x64 = Debug|x64
		Debug|x86 = Debug|x86
		Release|Any CPU = Release|Any CPU
		Release|x64 = Release|x64
		Release|x86 = Release|x86
	EndGlobalSection
	GlobalSection(ProjectConfigurationPlatforms) = postSolution
		{077A12C9-6FB3-4D26-9191-8789C72C27C4}.Debug|Any CPU.ActiveCfg = Debug|Any CPU
		{077A12C9-6FB3-4D26-9191-8789C72C27C4}.Debug|Any CPU.Build.0 = Debug|Any CPU
		{077A12C9-6FB3-4D26-9191-8789C72C27C4}.Debug|x64.ActiveCfg = Debug|Any CPU
		{077A12C9-6FB3-4D26-9191-8789C72C27C4}.Debug|x64.Build.0 = Debug|Any CPU
		{077A12C9-6FB3-4D26-9191-8789C72C27C4}.Debug|x86.ActiveCfg = Debug|Any CPU
		{077A12C9-6FB3-4D26-9191-8789C72C27C4}.Debug|x86.Build.0 = Debug|Any CPU
		{077A12C9-6FB3-4D26-9191-8789C72C27C4}.Release|Any CPU.ActiveCfg = Release|Any CPU
		{077A12C9-6FB3-4D26-9191-8789C72C27C4}.Release|Any CPU.Build.0 = Release|Any CPU
		{077A12C9-6FB3-4D26-9191-8789C72C27C4}.Release|x64.ActiveCfg = Release|Any CPU
		{077A12C9-6FB3-4D26-9191-8789C72C27C4}.Release|x64.Build.0 = Release|Any CPU
		{077A12C9-6FB3-4D26-9191-8789C72C27C4}.Release|x86.ActiveCfg = Release|Any CPU
		{077A12C9-6FB3-4D26-9191-8789C72C27C4}.Release|x86.Build.0 = Release|Any CPU
		{9B18C2C5-ADF2-4646-A56D-518DCEE7DA70}.Debug|Any CPU.ActiveCfg = Debug|Any CPU
		{9B18C2C5-ADF2-4646-A56D-518DCEE7DA70}.Debug|Any CPU.Build.0 = Debug|Any CPU
		{9B18C2C5-ADF2-4646-A56D-518DCEE7DA70}.Debug|x64.ActiveCfg = Debug|Any CPU
		{9B18C2C5-ADF2-4646-A56D-518DCEE7DA70}.Debug|x64.Build.0 = Debug|Any CPU
		{9B18C2C5-ADF2-4646-A56D-518DCEE7DA70}.Debug|x86.ActiveCfg = Debug|Any CPU
		{9B18C2C5-ADF2-4646-A56D-518DCEE7DA70}.Debug|x86.Build.0 = Debug|Any CPU
		{9B18C2C5-ADF2-4646-A56D-518DCEE7DA70}.Release|Any CPU.ActiveCfg = Release|Any CPU
		{9B18C2C5-ADF2-4646-A56D-518DCEE7DA70}.Release|Any CPU.Build.0 = Release|Any CPU
		{9B18C2C5-ADF2-4646-A56D-518DCEE7DA70}.Release|x64.ActiveCfg = Release|Any CPU
		{9B18C2C5-ADF2-4646-A56D-518DCEE7DA70}.Release|x64.Build.0 = Release|Any CPU
		{9B18C2C5-ADF2-4646-A56D-518DCEE7DA70}.Release|x86.ActiveCfg = Release|Any CPU
		{9B18C2C5-ADF2-4646-A56D-518DCEE7DA70}.Release|x86.Build.0 = Release|Any CPU
		{B91ACDC2-0A19-42A0-AD56-28071C340456}.Debug|Any CPU.ActiveCfg = Debug|Any CPU
		{B91ACDC2-0A19-42A0-AD56-28071C340456}.Debug|Any CPU.Build.0 = Debug|Any CPU
		{B91ACDC2-0A19-42A0-AD56-28071C340456}.Debug|x64.ActiveCfg = Debug|Any CPU
		{B91ACDC2-0A19-42A0-AD56-28071C340456}.Debug|x64.Build.0 = Debug|Any CPU
		{B91ACDC2-0A19-42A0-AD56-28071C340456}.Debug|x86.ActiveCfg = Debug|Any CPU
		{B91ACDC2-0A19-42A0-AD56-28071C340456}.Debug|x86.Build.0 = Debug|Any CPU
		{B91ACDC2-0A19-42A0-AD56-28071C340456}.Release|Any CPU.ActiveCfg = Release|Any CPU
		{B91ACDC2-0A19-42A0-AD56-28071C340456}.Release|Any CPU.Build.0 = Release|Any CPU
		{B91ACDC2-0A19-42A0-AD56-28071C340456}.Release|x64.ActiveCfg = Release|Any CPU
		{B91ACDC2-0A19-42A0-AD56-28071C340456}.Release|x64.Build.0 = Release|Any CPU
		{B91ACDC2-0A19-42A0-AD56-28071C340456}.Release|x86.ActiveCfg = Release|Any CPU
		{B91ACDC2-0A19-42A0-AD56-28071C340456}.Release|x86.Build.0 = Release|Any CPU
	EndGlobalSection
	GlobalSection(SolutionProperties) = preSolution
		HideSolutionNode = FALSE
	EndGlobalSection
	GlobalSection(ExtensibilityGlobals) = postSolution
		SolutionGuid = {104F71E8-7C39-466E-AB24-1D84C6F0114C}
	EndGlobalSection
EndGlobal
